
Microsoft Visual Studio Solution File, Format Version 12.00
# Visual Studio Version 17
VisualStudioVersion = 17.2.32630.192
MinimumVisualStudioVersion = 10.0.40219.1
Project("{FAE04EC0-301F-11D3-BF4B-00C04F79EFBC}") = "MetaHeuristicSolvers", "MetaHeuristicSolvers\MetaHeuristicSolvers.csproj", "{9CA4160E-13C0-4B68-9C2F-0FCA0FDE033F}"
EndProject
Global
	GlobalSection(SolutionConfigurationPlatforms) = preSolution
		Debug|Any CPU = Debug|Any CPU
		Release|Any CPU = Release|Any CPU
	EndGlobalSection
	GlobalSection(ProjectConfigurationPlatforms) = postSolution
		{9CA4160E-13C0-4B68-9C2F-0FCA0FDE033F}.Debug|Any CPU.ActiveCfg = Debug|Any CPU
		{9CA4160E-13C0-4B68-9C2F-0FCA0FDE033F}.Debug|Any CPU.Build.0 = Debug|Any CPU
		{9CA4160E-13C0-4B68-9C2F-0FCA0FDE033F}.Release|Any CPU.ActiveCfg = Release|Any CPU
		{9CA4160E-13C0-4B68-9C2F-0FCA0FDE033F}.Release|Any CPU.Build.0 = Release|Any CPU
	EndGlobalSection
	GlobalSection(SolutionProperties) = preSolution
		HideSolutionNode = FALSE
	EndGlobalSection
	GlobalSection(ExtensibilityGlobals) = postSolution
		SolutionGuid = {D2BA69A0-1D23-44C6-9CEC-59FE5F08C8C2}
	EndGlobalSection
EndGlobal
